
Microsoft Visual Studio Solution File, Format Version 12.00
# Visual Studio Version 17
VisualStudioVersion = 17.4.33205.214
MinimumVisualStudioVersion = 10.0.40219.1
Project("{FAE04EC0-301F-11D3-BF4B-00C04F79EFBC}") = "Running-multiple-async-tasks", "Running-multiple-async-tasks\Running-multiple-async-tasks.csproj", "{2AE2C42D-36B1-447E-BA4D-E2DE1E1F29EB}"
EndProject
Global
	GlobalSection(SolutionConfigurationPlatforms) = preSolution
		Debug|Any CPU = Debug|Any CPU
		Release|Any CPU = Release|Any CPU
	EndGlobalSection
	GlobalSection(ProjectConfigurationPlatforms) = postSolution
		{2AE2C42D-36B1-447E-BA4D-E2DE1E1F29EB}.Debug|Any CPU.ActiveCfg = Debug|Any CPU
		{2AE2C42D-36B1-447E-BA4D-E2DE1E1F29EB}.Debug|Any CPU.Build.0 = Debug|Any CPU
		{2AE2C42D-36B1-447E-BA4D-E2DE1E1F29EB}.Release|Any CPU.ActiveCfg = Release|Any CPU
		{2AE2C42D-36B1-447E-BA4D-E2DE1E1F29EB}.Release|Any CPU.Build.0 = Release|Any CPU
	EndGlobalSection
	GlobalSection(SolutionProperties) = preSolution
		HideSolutionNode = FALSE
	EndGlobalSection
	GlobalSection(ExtensibilityGlobals) = postSolution
		SolutionGuid = {F0DE6879-7F09-4765-A7EC-9B1C49ECFA7F}
	EndGlobalSection
EndGlobal
